{
  "name": "io-ts-extended",
  "version": "0.0.1",
  "lockfileVersion": 3,
  "requires": true,
  "packages": {
    "": {
      "name": "io-ts-extended",
      "version": "0.0.1",
      "license": "MIT",
      "dependencies": {
        "fp-ts": "^2.16.4",
        "io-ts": "^2.2.21"
      }
    },
    "node_modules/fp-ts": {
      "version": "2.16.4",
      "resolved": "https://registry.npmjs.org/fp-ts/-/fp-ts-2.16.4.tgz",
      "integrity": "sha512-EkV/l6oHaf/w/DlVc5UiqLibqTV1S+idiDdcWQ+UjnLLflL9pZG28ebJfPLor8ifoL8NgEFDIo9fOvHyiSCrJQ=="
    },
    "node_modules/io-ts": {
      "version": "2.2.21",
      "resolved": "https://registry.npmjs.org/io-ts/-/io-ts-2.2.21.tgz",
      "integrity": "sha512-zz2Z69v9ZIC3mMLYWIeoUcwWD6f+O7yP92FMVVaXEOSZH1jnVBmET/urd/uoarD1WGBY4rCj8TAyMPzsGNzMFQ==",
      "peerDependencies": {
        "fp-ts": "^2.5.0"
      }
    }
  }
}
